
Microsoft Visual Studio Solution File, Format Version 12.00
# Visual Studio Version 16
VisualStudioVersion = 16.0.29025.244
MinimumVisualStudioVersion = 10.0.40219.1
Project("{9A19103F-16F7-4668-BE54-9A1E7A4F7556}") = "HundredProof.Identity.Server.Owin.Console", "HundredProof.Identity.Server.Owin.Console\HundredProof.Identity.Server.Owin.Console.csproj", "{8C2CD3CD-D7F1-4F4B-BE62-FECBA8CE126F}"
EndProject
Project("{FAE04EC0-301F-11D3-BF4B-00C04F79EFBC}") = "HundredProof.Identity.Feature.Proxy", "HundredProof.Identity.Feature.Proxy\HundredProof.Identity.Feature.Proxy.csproj", "{45A5A3F6-D2D8-4D0B-B05C-864DF9F61375}"
EndProject
Project("{FAE04EC0-301F-11D3-BF4B-00C04F79EFBC}") = "HundredProof.Identity.Feature.Proxy.Test", "HundredProof.Identity.Feature.Proxy.Test\HundredProof.Identity.Feature.Proxy.Test.csproj", "{33E0E97F-112E-4696-B2DC-1BEC9112E429}"
EndProject
Project("{FAE04EC0-301F-11D3-BF4B-00C04F79EFBC}") = "HundredProof.Identity.Domain", "HundredProof.Identity.Domain\HundredProof.Identity.Domain.csproj", "{85B6B2FA-5A75-43B9-AC5F-2F75F71A6717}"
EndProject
Project("{9A19103F-16F7-4668-BE54-9A1E7A4F7556}") = "HundredProof.Identity.Examples.ProtectedAPI", "HundredProof.Identity.Examples.ProtectedAPI\HundredProof.Identity.Examples.ProtectedAPI\HundredProof.Identity.Examples.ProtectedAPI.csproj", "{0EF296FB-252B-4221-AE23-EF847B704CDF}"
EndProject
Project("{9A19103F-16F7-4668-BE54-9A1E7A4F7556}") = "HundredProof.Identity.Examples.ConsoleApp", "HundredProof.Identity.Examples.ConsoleApp\HundredProof.Identity.Examples.ConsoleApp.csproj", "{11478648-D04B-4C04-AFDD-03A689EF95FB}"
EndProject
Global
	GlobalSection(SolutionConfigurationPlatforms) = preSolution
		Debug|Any CPU = Debug|Any CPU
		Release|Any CPU = Release|Any CPU
	EndGlobalSection
	GlobalSection(ProjectConfigurationPlatforms) = postSolution
		{8C2CD3CD-D7F1-4F4B-BE62-FECBA8CE126F}.Debug|Any CPU.ActiveCfg = Debug|Any CPU
		{8C2CD3CD-D7F1-4F4B-BE62-FECBA8CE126F}.Debug|Any CPU.Build.0 = Debug|Any CPU
		{8C2CD3CD-D7F1-4F4B-BE62-FECBA8CE126F}.Release|Any CPU.ActiveCfg = Release|Any CPU
		{8C2CD3CD-D7F1-4F4B-BE62-FECBA8CE126F}.Release|Any CPU.Build.0 = Release|Any CPU
		{45A5A3F6-D2D8-4D0B-B05C-864DF9F61375}.Debug|Any CPU.ActiveCfg = Debug|Any CPU
		{45A5A3F6-D2D8-4D0B-B05C-864DF9F61375}.Debug|Any CPU.Build.0 = Debug|Any CPU
		{45A5A3F6-D2D8-4D0B-B05C-864DF9F61375}.Release|Any CPU.ActiveCfg = Release|Any CPU
		{45A5A3F6-D2D8-4D0B-B05C-864DF9F61375}.Release|Any CPU.Build.0 = Release|Any CPU
		{33E0E97F-112E-4696-B2DC-1BEC9112E429}.Debug|Any CPU.ActiveCfg = Debug|Any CPU
		{33E0E97F-112E-4696-B2DC-1BEC9112E429}.Debug|Any CPU.Build.0 = Debug|Any CPU
		{33E0E97F-112E-4696-B2DC-1BEC9112E429}.Release|Any CPU.ActiveCfg = Release|Any CPU
		{33E0E97F-112E-4696-B2DC-1BEC9112E429}.Release|Any CPU.Build.0 = Release|Any CPU
		{85B6B2FA-5A75-43B9-AC5F-2F75F71A6717}.Debug|Any CPU.ActiveCfg = Debug|Any CPU
		{85B6B2FA-5A75-43B9-AC5F-2F75F71A6717}.Debug|Any CPU.Build.0 = Debug|Any CPU
		{85B6B2FA-5A75-43B9-AC5F-2F75F71A6717}.Release|Any CPU.ActiveCfg = Release|Any CPU
		{85B6B2FA-5A75-43B9-AC5F-2F75F71A6717}.Release|Any CPU.Build.0 = Release|Any CPU
		{0EF296FB-252B-4221-AE23-EF847B704CDF}.Debug|Any CPU.ActiveCfg = Debug|Any CPU
		{0EF296FB-252B-4221-AE23-EF847B704CDF}.Debug|Any CPU.Build.0 = Debug|Any CPU
		{0EF296FB-252B-4221-AE23-EF847B704CDF}.Release|Any CPU.ActiveCfg = Release|Any CPU
		{0EF296FB-252B-4221-AE23-EF847B704CDF}.Release|Any CPU.Build.0 = Release|Any CPU
		{11478648-D04B-4C04-AFDD-03A689EF95FB}.Debug|Any CPU.ActiveCfg = Debug|Any CPU
		{11478648-D04B-4C04-AFDD-03A689EF95FB}.Debug|Any CPU.Build.0 = Debug|Any CPU
		{11478648-D04B-4C04-AFDD-03A689EF95FB}.Release|Any CPU.ActiveCfg = Release|Any CPU
		{11478648-D04B-4C04-AFDD-03A689EF95FB}.Release|Any CPU.Build.0 = Release|Any CPU
	EndGlobalSection
	GlobalSection(SolutionProperties) = preSolution
		HideSolutionNode = FALSE
	EndGlobalSection
	GlobalSection(ExtensibilityGlobals) = postSolution
		SolutionGuid = {2B48F56A-AD21-4CD1-9573-98B58D2817C8}
	EndGlobalSection
EndGlobal
